# This file was autogenerated by Stack.
# You should not edit this file by hand.
# For more information, please see the documentation at:
#   https://docs.haskellstack.org/en/stable/lock_files

packages:
- completed:
    hackage: natural-transformation-0.4@sha256:16c4faf5206bffafea9b768f8c0691a8396371bd1ab814bd4b5f38f5057ffb00,2205
    pantry-tree:
      size: 518
      sha256: 81e02ad76f1d4b0990baaaa1cb83eae2de6993cb5ffbfb5fbabdc4be1a1ec35c
  original:
    hackage: natural-transformation-0.4
- completed:
    name: concur-replica
    version: 0.1.0.0
    git: https://github.com/seagreen/concur-replica.git
    pantry-tree:
      size: 1485
      sha256: 768dcad96bcb35586c3d99286ab58e9ed19a55a20eca24b5ab5e37651818a6c0
    commit: 89d124bd14b48a78cb0f1a6bc4a4601b630fb480
  original:
    git: https://github.com/seagreen/concur-replica.git
    commit: 89d124bd14b48a78cb0f1a6bc4a4601b630fb480
- completed:
    name: replica
    version: 0.1.0.0
    git: https://github.com/seagreen/replica.git
    pantry-tree:
      size: 1319
      sha256: 71df5a9d8f4b6546d4a40d28c0af50e8e01b7f077a009a9fc9cf5f8c7f7e80ca
    commit: 22aae09614e6a17afc672f0bdba09225b715e829
  original:
    git: https://github.com/seagreen/replica.git
    commit: 22aae09614e6a17afc672f0bdba09225b715e829
- completed:
    subdir: concur-core
    name: concur-core
    version: 0.1.0.0
    git: https://github.com/pkamenarsky/concur.git
    pantry-tree:
      size: 728
      sha256: eabfe92d565da1d364116710507e4b0dbc7ea642863fac41c5456aa46cfd3a5a
    commit: dc5347b35c79654d58fa95716f425ee7248504fb
  original:
    subdir: concur-core
    git: https://github.com/pkamenarsky/concur.git
    commit: dc5347b35c79654d58fa95716f425ee7248504fb
snapshots:
- completed:
    size: 531718
    url: https://raw.githubusercontent.com/commercialhaskell/stackage-snapshots/master/lts/16/6.yaml
    sha256: 230a7266fc11f76222bd3bb68e9503ed11d553060a752f164bff6753ed03e271
  original: lts-16.6
